
Microsoft Visual Studio Solution File, Format Version 12.00
# Visual Studio Version 17
VisualStudioVersion = 17.0.31903.59
MinimumVisualStudioVersion = 10.0.40219.1
Project("{2150E333-8FDC-42A3-9474-1A3956D46DE8}") = "src", "src", "{2EFDDB10-2D3B-43DC-BC21-C135AD043112}"
EndProject
Project("{FAE04EC0-301F-11D3-BF4B-00C04F79EFBC}") = "Domain", "src\Domain\Domain.csproj", "{62951C48-05E3-4C47-B3BA-38DE5A86A348}"
EndProject
Project("{FAE04EC0-301F-11D3-BF4B-00C04F79EFBC}") = "Domain.Tests", "src\Domain.Tests\Domain.Tests.csproj", "{2FDEFC34-718D-445C-84CC-6FCE00FA6EF5}"
EndProject
Project("{FAE04EC0-301F-11D3-BF4B-00C04F79EFBC}") = "Infrastructure.Data", "src\Infrastructure.Data\Infrastructure.Data.csproj", "{22754289-B77E-4427-858C-12A67BC08BEE}"
EndProject
Project("{FAE04EC0-301F-11D3-BF4B-00C04F79EFBC}") = "UseCases", "src\UseCases\UseCases.csproj", "{B8D56F84-CB59-4C7E-BE24-9F8BD35F74BC}"
EndProject
Project("{FAE04EC0-301F-11D3-BF4B-00C04F79EFBC}") = "UseCases.Tests", "src\UseCases.Tests\UseCases.Tests.csproj", "{1FB33C3E-D8E3-426E-87BE-1E4941AA576D}"
EndProject
Project("{FAE04EC0-301F-11D3-BF4B-00C04F79EFBC}") = "Web", "src\Web\Web.csproj", "{73F34DBC-24E6-4E73-8751-F7D18D06744C}"
EndProject
Project("{FAE04EC0-301F-11D3-BF4B-00C04F79EFBC}") = "Infrastructure.Mail", "src\Infrastructure.Mail\Infrastructure.Mail.csproj", "{BB73A35E-ED10-4672-8D28-79B85F498F2B}"
EndProject
Global
	GlobalSection(SolutionConfigurationPlatforms) = preSolution
		Debug|Any CPU = Debug|Any CPU
		Release|Any CPU = Release|Any CPU
	EndGlobalSection
	GlobalSection(SolutionProperties) = preSolution
		HideSolutionNode = FALSE
	EndGlobalSection
	GlobalSection(ProjectConfigurationPlatforms) = postSolution
		{62951C48-05E3-4C47-B3BA-38DE5A86A348}.Debug|Any CPU.ActiveCfg = Debug|Any CPU
		{62951C48-05E3-4C47-B3BA-38DE5A86A348}.Debug|Any CPU.Build.0 = Debug|Any CPU
		{62951C48-05E3-4C47-B3BA-38DE5A86A348}.Release|Any CPU.ActiveCfg = Release|Any CPU
		{62951C48-05E3-4C47-B3BA-38DE5A86A348}.Release|Any CPU.Build.0 = Release|Any CPU
		{2FDEFC34-718D-445C-84CC-6FCE00FA6EF5}.Debug|Any CPU.ActiveCfg = Debug|Any CPU
		{2FDEFC34-718D-445C-84CC-6FCE00FA6EF5}.Debug|Any CPU.Build.0 = Debug|Any CPU
		{2FDEFC34-718D-445C-84CC-6FCE00FA6EF5}.Release|Any CPU.ActiveCfg = Release|Any CPU
		{2FDEFC34-718D-445C-84CC-6FCE00FA6EF5}.Release|Any CPU.Build.0 = Release|Any CPU
		{22754289-B77E-4427-858C-12A67BC08BEE}.Debug|Any CPU.ActiveCfg = Debug|Any CPU
		{22754289-B77E-4427-858C-12A67BC08BEE}.Debug|Any CPU.Build.0 = Debug|Any CPU
		{22754289-B77E-4427-858C-12A67BC08BEE}.Release|Any CPU.ActiveCfg = Release|Any CPU
		{22754289-B77E-4427-858C-12A67BC08BEE}.Release|Any CPU.Build.0 = Release|Any CPU
		{B8D56F84-CB59-4C7E-BE24-9F8BD35F74BC}.Debug|Any CPU.ActiveCfg = Debug|Any CPU
		{B8D56F84-CB59-4C7E-BE24-9F8BD35F74BC}.Debug|Any CPU.Build.0 = Debug|Any CPU
		{B8D56F84-CB59-4C7E-BE24-9F8BD35F74BC}.Release|Any CPU.ActiveCfg = Release|Any CPU
		{B8D56F84-CB59-4C7E-BE24-9F8BD35F74BC}.Release|Any CPU.Build.0 = Release|Any CPU
		{1FB33C3E-D8E3-426E-87BE-1E4941AA576D}.Debug|Any CPU.ActiveCfg = Debug|Any CPU
		{1FB33C3E-D8E3-426E-87BE-1E4941AA576D}.Debug|Any CPU.Build.0 = Debug|Any CPU
		{1FB33C3E-D8E3-426E-87BE-1E4941AA576D}.Release|Any CPU.ActiveCfg = Release|Any CPU
		{1FB33C3E-D8E3-426E-87BE-1E4941AA576D}.Release|Any CPU.Build.0 = Release|Any CPU
		{73F34DBC-24E6-4E73-8751-F7D18D06744C}.Debug|Any CPU.ActiveCfg = Debug|Any CPU
		{73F34DBC-24E6-4E73-8751-F7D18D06744C}.Debug|Any CPU.Build.0 = Debug|Any CPU
		{73F34DBC-24E6-4E73-8751-F7D18D06744C}.Release|Any CPU.ActiveCfg = Release|Any CPU
		{73F34DBC-24E6-4E73-8751-F7D18D06744C}.Release|Any CPU.Build.0 = Release|Any CPU
		{BB73A35E-ED10-4672-8D28-79B85F498F2B}.Debug|Any CPU.ActiveCfg = Debug|Any CPU
		{BB73A35E-ED10-4672-8D28-79B85F498F2B}.Debug|Any CPU.Build.0 = Debug|Any CPU
		{BB73A35E-ED10-4672-8D28-79B85F498F2B}.Release|Any CPU.ActiveCfg = Release|Any CPU
		{BB73A35E-ED10-4672-8D28-79B85F498F2B}.Release|Any CPU.Build.0 = Release|Any CPU
	EndGlobalSection
	GlobalSection(NestedProjects) = preSolution
		{62951C48-05E3-4C47-B3BA-38DE5A86A348} = {2EFDDB10-2D3B-43DC-BC21-C135AD043112}
		{2FDEFC34-718D-445C-84CC-6FCE00FA6EF5} = {2EFDDB10-2D3B-43DC-BC21-C135AD043112}
		{22754289-B77E-4427-858C-12A67BC08BEE} = {2EFDDB10-2D3B-43DC-BC21-C135AD043112}
		{B8D56F84-CB59-4C7E-BE24-9F8BD35F74BC} = {2EFDDB10-2D3B-43DC-BC21-C135AD043112}
		{1FB33C3E-D8E3-426E-87BE-1E4941AA576D} = {2EFDDB10-2D3B-43DC-BC21-C135AD043112}
		{73F34DBC-24E6-4E73-8751-F7D18D06744C} = {2EFDDB10-2D3B-43DC-BC21-C135AD043112}
		{BB73A35E-ED10-4672-8D28-79B85F498F2B} = {2EFDDB10-2D3B-43DC-BC21-C135AD043112}
	EndGlobalSection
EndGlobal
